{
  "name": "airhaven-storefront",
  "version": "1.0.0",
  "lockfileVersion": 3,
  "requires": true,
  "packages": {
    "": {
      "name": "airhaven-storefront",
      "version": "1.0.0",
      "dependencies": {
        "chen99-easy-translate": "1.0.1"
      }
    },
    "node_modules/chen99-easy-translate": {
      "version": "1.0.1",
      "resolved": "https://registry.npmjs.org/chen99-easy-translate/-/chen99-easy-translate-1.0.1.tgz",
      "integrity": "sha512-nFXKBpZRmYYkjgZFfRKLpRGw/EibdLzJlP7B7vWasDxYbfOxf6mJh8rgC1Ecg8OaF/YWx+rJNirb8GX+IylgPg==",
      "license": "MIT"
    }
  }
}
